
Microsoft Visual Studio Solution File, Format Version 12.00
# Visual Studio Version 17
VisualStudioVersion = 17.4.33213.308
MinimumVisualStudioVersion = 10.0.40219.1
Project("{FAE04EC0-301F-11D3-BF4B-00C04F79EFBC}") = "CapaPresentacionAdmin", "CapaPresentacionAdmin\CapaPresentacionAdmin.csproj", "{0552426C-15A9-4E0F-8715-EAB435415A5B}"
EndProject
Project("{FAE04EC0-301F-11D3-BF4B-00C04F79EFBC}") = "CapaPresentacionTienda", "CapaPresentacionTienda\CapaPresentacionTienda.csproj", "{8BF2AD5C-E09B-4670-ACDA-95A24EBCC9C2}"
EndProject
Project("{FAE04EC0-301F-11D3-BF4B-00C04F79EFBC}") = "CapaDatos", "CapaDatos\CapaDatos.csproj", "{BC1B82EA-C66F-4DF3-8357-73BFF5048958}"
EndProject
Project("{FAE04EC0-301F-11D3-BF4B-00C04F79EFBC}") = "CapaEntidad", "CapaEntidad\CapaEntidad.csproj", "{6FBB2165-8F87-4EF0-AC33-8C87AB8DE24B}"
EndProject
Project("{FAE04EC0-301F-11D3-BF4B-00C04F79EFBC}") = "CapaNegocio", "CapaNegocio\CapaNegocio.csproj", "{4FE709D4-C6E3-479B-A972-66ADABB01C95}"
EndProject
Global
	GlobalSection(SolutionConfigurationPlatforms) = preSolution
		Debug|Any CPU = Debug|Any CPU
		Release|Any CPU = Release|Any CPU
	EndGlobalSection
	GlobalSection(ProjectConfigurationPlatforms) = postSolution
		{0552426C-15A9-4E0F-8715-EAB435415A5B}.Debug|Any CPU.ActiveCfg = Debug|Any CPU
		{0552426C-15A9-4E0F-8715-EAB435415A5B}.Debug|Any CPU.Build.0 = Debug|Any CPU
		{0552426C-15A9-4E0F-8715-EAB435415A5B}.Release|Any CPU.ActiveCfg = Release|Any CPU
		{0552426C-15A9-4E0F-8715-EAB435415A5B}.Release|Any CPU.Build.0 = Release|Any CPU
		{8BF2AD5C-E09B-4670-ACDA-95A24EBCC9C2}.Debug|Any CPU.ActiveCfg = Debug|Any CPU
		{8BF2AD5C-E09B-4670-ACDA-95A24EBCC9C2}.Debug|Any CPU.Build.0 = Debug|Any CPU
		{8BF2AD5C-E09B-4670-ACDA-95A24EBCC9C2}.Release|Any CPU.ActiveCfg = Release|Any CPU
		{8BF2AD5C-E09B-4670-ACDA-95A24EBCC9C2}.Release|Any CPU.Build.0 = Release|Any CPU
		{BC1B82EA-C66F-4DF3-8357-73BFF5048958}.Debug|Any CPU.ActiveCfg = Debug|Any CPU
		{BC1B82EA-C66F-4DF3-8357-73BFF5048958}.Debug|Any CPU.Build.0 = Debug|Any CPU
		{BC1B82EA-C66F-4DF3-8357-73BFF5048958}.Release|Any CPU.ActiveCfg = Release|Any CPU
		{BC1B82EA-C66F-4DF3-8357-73BFF5048958}.Release|Any CPU.Build.0 = Release|Any CPU
		{6FBB2165-8F87-4EF0-AC33-8C87AB8DE24B}.Debug|Any CPU.ActiveCfg = Debug|Any CPU
		{6FBB2165-8F87-4EF0-AC33-8C87AB8DE24B}.Debug|Any CPU.Build.0 = Debug|Any CPU
		{6FBB2165-8F87-4EF0-AC33-8C87AB8DE24B}.Release|Any CPU.ActiveCfg = Release|Any CPU
		{6FBB2165-8F87-4EF0-AC33-8C87AB8DE24B}.Release|Any CPU.Build.0 = Release|Any CPU
		{4FE709D4-C6E3-479B-A972-66ADABB01C95}.Debug|Any CPU.ActiveCfg = Debug|Any CPU
		{4FE709D4-C6E3-479B-A972-66ADABB01C95}.Debug|Any CPU.Build.0 = Debug|Any CPU
		{4FE709D4-C6E3-479B-A972-66ADABB01C95}.Release|Any CPU.ActiveCfg = Release|Any CPU
		{4FE709D4-C6E3-479B-A972-66ADABB01C95}.Release|Any CPU.Build.0 = Release|Any CPU
	EndGlobalSection
	GlobalSection(SolutionProperties) = preSolution
		HideSolutionNode = FALSE
	EndGlobalSection
	GlobalSection(ExtensibilityGlobals) = postSolution
		SolutionGuid = {EA235248-49F3-4189-BD69-6C90DAF404D6}
	EndGlobalSection
EndGlobal
