
Microsoft Visual Studio Solution File, Format Version 12.00
# Visual Studio Version 17
VisualStudioVersion = 17.4.33213.308
MinimumVisualStudioVersion = 10.0.40219.1
Project("{FAE04EC0-301F-11D3-BF4B-00C04F79EFBC}") = "CapaPresentacionAdmin", "CapaPresentacionAdmin\CapaPresentacionAdmin.csproj", "{0552426C-15A9-4E0F-8715-EAB435415A5B}"
EndProject
Global
	GlobalSection(SolutionConfigurationPlatforms) = preSolution
		Debug|Any CPU = Debug|Any CPU
		Release|Any CPU = Release|Any CPU
	EndGlobalSection
	GlobalSection(ProjectConfigurationPlatforms) = postSolution
		{0552426C-15A9-4E0F-8715-EAB435415A5B}.Debug|Any CPU.ActiveCfg = Debug|Any CPU
		{0552426C-15A9-4E0F-8715-EAB435415A5B}.Debug|Any CPU.Build.0 = Debug|Any CPU
		{0552426C-15A9-4E0F-8715-EAB435415A5B}.Release|Any CPU.ActiveCfg = Release|Any CPU
		{0552426C-15A9-4E0F-8715-EAB435415A5B}.Release|Any CPU.Build.0 = Release|Any CPU
	EndGlobalSection
	GlobalSection(SolutionProperties) = preSolution
		HideSolutionNode = FALSE
	EndGlobalSection
	GlobalSection(ExtensibilityGlobals) = postSolution
		SolutionGuid = {EA235248-49F3-4189-BD69-6C90DAF404D6}
	EndGlobalSection
EndGlobal
